{
  "name": "npm_hero",
  "version": "1.0.0",
  "lockfileVersion": 3,
  "requires": true,
  "packages": {
    "": {
      "name": "npm_hero",
      "version": "1.0.0",
      "license": "ISC",
      "dependencies": {
        "superheroes": "^4.0.0",
        "suppress-experimental-warnings": "^2.0.0"
      }
    },
    "node_modules/jiti": {
      "version": "1.21.6",
      "resolved": "https://registry.npmjs.org/jiti/-/jiti-1.21.6.tgz",
      "integrity": "sha512-2yTgeWTWzMWkHu6Jp9NKgePDaYHbntiwvYuuJLbbN9vl7DC9DvXKOB2BC3ZZ92D3cvV/aflH0osDfwpHepQ53w==",
      "license": "MIT",
      "bin": {
        "jiti": "bin/jiti.js"
      }
    },
    "node_modules/superheroes": {
      "version": "4.0.0",
      "resolved": "https://registry.npmjs.org/superheroes/-/superheroes-4.0.0.tgz",
      "integrity": "sha512-7t1XlXcVOINyeglmHjyFGki70IwSKom3FGkC6ZtWO0NovY9M0L7d48kmZtJMOifFLLC5E5nrCZ5YvlW+Z0KKEA==",
      "license": "MIT",
      "dependencies": {
        "unique-random-array": "^3.0.0"
      },
      "engines": {
        "node": ">=18.20"
      },
      "funding": {
        "url": "https://github.com/sponsors/sindresorhus"
      }
    },
    "node_modules/suppress-experimental-warnings": {
      "version": "2.0.0",
      "resolved": "https://registry.npmjs.org/suppress-experimental-warnings/-/suppress-experimental-warnings-2.0.0.tgz",
      "integrity": "sha512-qhKWoR1nw9MwQDjzPiBMus44Wj1+AD7EIa7caPcYXMASyB6NppO7k1a+xRjyDBpPS4ZufauFLyqaXEPnKXHY1Q==",
      "license": "MIT",
      "dependencies": {
        "jiti": "^1.18.2"
      },
      "engines": {
        "node": ">=18"
      },
      "funding": {
        "url": "https://github.com/sponsors/dword-design"
      }
    },
    "node_modules/unique-random": {
      "version": "3.0.0",
      "resolved": "https://registry.npmjs.org/unique-random/-/unique-random-3.0.0.tgz",
      "integrity": "sha512-4vjtE3pH6xO5OmsSmjc6KPgHy2rbCw66BbMRLIyXkuq+WzOKA1oNkqQ+Y7Lh+sE0DrOrWMSpFkivhhzCF7J6HA==",
      "license": "MIT",
      "engines": {
        "node": ">=12"
      },
      "funding": {
        "url": "https://github.com/sponsors/sindresorhus"
      }
    },
    "node_modules/unique-random-array": {
      "version": "3.0.0",
      "resolved": "https://registry.npmjs.org/unique-random-array/-/unique-random-array-3.0.0.tgz",
      "integrity": "sha512-AETNmMf8dV7VfCu4pM5SO1nKkZZp3lZsbHk9VxkvR2ZjMYy4mzWwzez0g+ZtYIr+RaVH+UN8A003E7woM/ud7Q==",
      "license": "MIT",
      "dependencies": {
        "unique-random": "^3.0.0"
      },
      "engines": {
        "node": ">=12"
      },
      "funding": {
        "url": "https://github.com/sponsors/sindresorhus"
      }
    }
  }
}
